{
  "requires": true,
  "lockfileVersion": 1,
  "dependencies": {
    "fuse.js": {
      "version": "6.4.3",
      "resolved": "https://registry.npmjs.org/fuse.js/-/fuse.js-6.4.3.tgz",
      "integrity": "sha512-JNgngolukIrqwayWnvy6NLH63hmwKPhm63o0uyBg51jPD0j09IvAzlV1rTXfAsgxpghI7khAo6Mv+EmvjDWXig=="
    },
    "jmeta": {
      "version": "1.0.6",
      "resolved": "https://registry.npmjs.org/jmeta/-/jmeta-1.0.6.tgz",
      "integrity": "sha512-a2zUkk1lQihRr1dbm82tlbwlhHnUMLIwE+R+YD+LzWVt9ryv4vK7WWSs1MEH1rDbtOkZBio3JbPVN8/MwZI/kg==",
      "requires": {
        "lodash": "^4.17.15"
      }
    },
    "lodash": {
      "version": "4.17.20",
      "resolved": "https://registry.npmjs.org/lodash/-/lodash-4.17.20.tgz",
      "integrity": "sha512-PlhdFcillOINfeV7Ni6oF1TAEayyZBoZ8bcshTHqOYJYlrqzRK5hagpagky5o4HfCzzd1TRkXPMFq6cKk9rGmA=="
    }
  }
}
